<?xml version="1.0" encoding="utf-8"?>
<Project ToolsVersion="4.0" xmlns="http://schemas.microsoft.com/developer/msbuild/2003">
  <ItemGroup>
    <Filter Include="Common">
      <UniqueIdentifier>9310bb08-f941-4047-8727-4aa98d386901</UniqueIdentifier>
    </Filter>
    <Filter Include="Assets">
      <UniqueIdentifier>54409a91-1dcb-4c8b-b316-809fa441f8f8</UniqueIdentifier>
      <Extensions>bmp;fbx;gif;jpg;jpeg;tga;tiff;tif;png</Extensions>
    </Filter>
    <Filter Include="Content">
      <UniqueIdentifier>c1cce1db-c11e-428f-b87d-cb37e910e901</UniqueIdentifier>
    </Filter>
    <Image Include="Assets\LockScreenLogo.scale-200.png">
      <Filter>Assets</Filter>
    </Image>
    <Image Include="Assets\SplashScreen.scale-200.png">
      <Filter>Assets</Filter>
    </Image>
    <Image Include="Assets\Square150x150Logo.scale-200.png">
      <Filter>Assets</Filter>
    </Image>
    <Image Include="Assets\Square44x44Logo.scale-200.png">
      <Filter>Assets</Filter>
    </Image>
    <Image Include="Assets\Square44x44Logo.targetsize-24_altform-unplated.png">
      <Filter>Assets</Filter>
    </Image>
    <Image Include="Assets\Wide310x150Logo.scale-200.png">
      <Filter>Assets</Filter>
    </Image>
    <Filter Include="Shaders">
      <UniqueIdentifier>{b4df546d-e652-4f9a-ba68-6466babf37ab}</UniqueIdentifier>
    </Filter>
    <Filter Include="MyComponents">
      <UniqueIdentifier>{6eb2e329-eb6d-44fd-8ead-121038d3b799}</UniqueIdentifier>
    </Filter>
    <Filter Include="lib">
      <UniqueIdentifier>{1843e534-32af-4176-9ccb-d38df2cf10ab}</UniqueIdentifier>
    </Filter>
    <Filter Include="lib\time">
      <UniqueIdentifier>{a1f45532-98c6-4834-98f4-18cfb98ec519}</UniqueIdentifier>
    </Filter>
    <Filter Include="lib\input">
      <UniqueIdentifier>{1b35cd7f-bec2-4cec-8d30-2d7bd9a025b9}</UniqueIdentifier>
    </Filter>
  </ItemGroup>
  <ItemGroup>
    <ClCompile Include="App.cpp" />
    <ClCompile Include="pch.cpp" />
    <ClCompile Include="MyEngine.cpp" />
    <ClCompile Include="Mesh.cpp">
      <Filter>MyComponents</Filter>
    </ClCompile>
    <ClCompile Include="D3dclass.cpp" />
    <ClCompile Include="FileHandling.cpp" />
    <ClCompile Include="Colorshader.cpp">
      <Filter>MyComponents</Filter>
    </ClCompile>
    <ClCompile Include="CameraClass.cpp">
      <Filter>MyComponents</Filter>
    </ClCompile>
    <ClCompile Include="Input.cpp">
      <Filter>lib\input</Filter>
    </ClCompile>
    <ClCompile Include="MyHelperData.cpp" />
    <ClCompile Include="PointLight.cpp">
      <Filter>MyComponents</Filter>
    </ClCompile>
  </ItemGroup>
  <ItemGroup>
    <ClInclude Include="pch.h" />
    <ClInclude Include="MyEngine.h" />
    <ClInclude Include="MyHelperData.h" />
    <ClInclude Include="Mesh.h">
      <Filter>MyComponents</Filter>
    </ClInclude>
    <ClInclude Include="D3dclass.h" />
    <ClInclude Include="Colorshader.h">
      <Filter>MyComponents</Filter>
    </ClInclude>
    <ClInclude Include="CameraClass.h">
      <Filter>MyComponents</Filter>
    </ClInclude>
    <ClInclude Include="Timer.h">
      <Filter>lib\time</Filter>
    </ClInclude>
    <ClInclude Include="Input.h">
      <Filter>lib\input</Filter>
    </ClInclude>
    <ClInclude Include="PointLight.h">
      <Filter>MyComponents</Filter>
    </ClInclude>
    <ClInclude Include="DirectionalLight.h">
      <Filter>MyComponents</Filter>
    </ClInclude>
  </ItemGroup>
  <ItemGroup>
    <Image Include="Assets\StoreLogo.png">
      <Filter>Assets</Filter>
    </Image>
  </ItemGroup>
  <ItemGroup>
    <AppxManifest Include="Package.appxmanifest" />
  </ItemGroup>
  <ItemGroup>
    <FxCompile Include="PixelShader.hlsl">
      <Filter>Shaders</Filter>
    </FxCompile>
    <FxCompile Include="VertexShader.hlsl">
      <Filter>Shaders</Filter>
    </FxCompile>
  </ItemGroup>
  <ItemGroup>
    <None Include="packages.config" />
  </ItemGroup>
</Project>